
Microsoft Visual Studio Solution File, Format Version 12.00
# Visual Studio Version 17
VisualStudioVersion = 17.11.35219.272
MinimumVisualStudioVersion = 10.0.40219.1
Project("{FAE04EC0-301F-11D3-BF4B-00C04F79EFBC}") = "VeritcalSliceArch", "VeritcalSliceArch\VeritcalSliceArch.csproj", "{BA2535F9-84BC-4FF5-9383-69B238D79423}"
EndProject
Global
	GlobalSection(SolutionConfigurationPlatforms) = preSolution
		Debug|Any CPU = Debug|Any CPU
		Release|Any CPU = Release|Any CPU
	EndGlobalSection
	GlobalSection(ProjectConfigurationPlatforms) = postSolution
		{BA2535F9-84BC-4FF5-9383-69B238D79423}.Debug|Any CPU.ActiveCfg = Debug|Any CPU
		{BA2535F9-84BC-4FF5-9383-69B238D79423}.Debug|Any CPU.Build.0 = Debug|Any CPU
		{BA2535F9-84BC-4FF5-9383-69B238D79423}.Release|Any CPU.ActiveCfg = Release|Any CPU
		{BA2535F9-84BC-4FF5-9383-69B238D79423}.Release|Any CPU.Build.0 = Release|Any CPU
	EndGlobalSection
	GlobalSection(SolutionProperties) = preSolution
		HideSolutionNode = FALSE
	EndGlobalSection
	GlobalSection(ExtensibilityGlobals) = postSolution
		SolutionGuid = {2121B627-0D59-42E8-B259-BB046FF9A268}
	EndGlobalSection
EndGlobal
